
Microsoft Visual Studio Solution File, Format Version 12.00
# Visual Studio Version 17
VisualStudioVersion = 17.2.32616.157
MinimumVisualStudioVersion = 10.0.40219.1
Project("{FAE04EC0-301F-11D3-BF4B-00C04F79EFBC}") = "CSharp_Lesson_1", "CSharp_Lesson_1\CSharp_Lesson_1.csproj", "{384B47D4-AFFE-4DD0-B106-812DB7CDD72B}"
EndProject
Global
	GlobalSection(SolutionConfigurationPlatforms) = preSolution
		Debug|Any CPU = Debug|Any CPU
		Release|Any CPU = Release|Any CPU
	EndGlobalSection
	GlobalSection(ProjectConfigurationPlatforms) = postSolution
		{384B47D4-AFFE-4DD0-B106-812DB7CDD72B}.Debug|Any CPU.ActiveCfg = Debug|Any CPU
		{384B47D4-AFFE-4DD0-B106-812DB7CDD72B}.Debug|Any CPU.Build.0 = Debug|Any CPU
		{384B47D4-AFFE-4DD0-B106-812DB7CDD72B}.Release|Any CPU.ActiveCfg = Release|Any CPU
		{384B47D4-AFFE-4DD0-B106-812DB7CDD72B}.Release|Any CPU.Build.0 = Release|Any CPU
	EndGlobalSection
	GlobalSection(SolutionProperties) = preSolution
		HideSolutionNode = FALSE
	EndGlobalSection
	GlobalSection(ExtensibilityGlobals) = postSolution
		SolutionGuid = {32870307-7B8F-439F-9A24-9AC67531E8D0}
	EndGlobalSection
EndGlobal
