
Microsoft Visual Studio Solution File, Format Version 12.00
# Visual Studio Version 17
VisualStudioVersion = 17.2.32630.192
MinimumVisualStudioVersion = 10.0.40219.1
Project("{FAE04EC0-301F-11D3-BF4B-00C04F79EFBC}") = "Task 1", "Task 1\Task 1.csproj", "{9EF3D8D7-2C2A-4F59-9BB7-542D1CC536F0}"
EndProject
Project("{FAE04EC0-301F-11D3-BF4B-00C04F79EFBC}") = "Task 2", "Task 2\Task 2.csproj", "{42787C38-17BC-4554-85A9-FF860070439B}"
EndProject
Project("{FAE04EC0-301F-11D3-BF4B-00C04F79EFBC}") = "Task 3", "Task 3\Task 3.csproj", "{E3EEA65B-BC00-4640-B4A5-DE1DF1D3248A}"
EndProject
Global
	GlobalSection(SolutionConfigurationPlatforms) = preSolution
		Debug|Any CPU = Debug|Any CPU
		Release|Any CPU = Release|Any CPU
	EndGlobalSection
	GlobalSection(ProjectConfigurationPlatforms) = postSolution
		{9EF3D8D7-2C2A-4F59-9BB7-542D1CC536F0}.Debug|Any CPU.ActiveCfg = Debug|Any CPU
		{9EF3D8D7-2C2A-4F59-9BB7-542D1CC536F0}.Debug|Any CPU.Build.0 = Debug|Any CPU
		{9EF3D8D7-2C2A-4F59-9BB7-542D1CC536F0}.Release|Any CPU.ActiveCfg = Release|Any CPU
		{9EF3D8D7-2C2A-4F59-9BB7-542D1CC536F0}.Release|Any CPU.Build.0 = Release|Any CPU
		{42787C38-17BC-4554-85A9-FF860070439B}.Debug|Any CPU.ActiveCfg = Debug|Any CPU
		{42787C38-17BC-4554-85A9-FF860070439B}.Debug|Any CPU.Build.0 = Debug|Any CPU
		{42787C38-17BC-4554-85A9-FF860070439B}.Release|Any CPU.ActiveCfg = Release|Any CPU
		{42787C38-17BC-4554-85A9-FF860070439B}.Release|Any CPU.Build.0 = Release|Any CPU
		{E3EEA65B-BC00-4640-B4A5-DE1DF1D3248A}.Debug|Any CPU.ActiveCfg = Debug|Any CPU
		{E3EEA65B-BC00-4640-B4A5-DE1DF1D3248A}.Debug|Any CPU.Build.0 = Debug|Any CPU
		{E3EEA65B-BC00-4640-B4A5-DE1DF1D3248A}.Release|Any CPU.ActiveCfg = Release|Any CPU
		{E3EEA65B-BC00-4640-B4A5-DE1DF1D3248A}.Release|Any CPU.Build.0 = Release|Any CPU
	EndGlobalSection
	GlobalSection(SolutionProperties) = preSolution
		HideSolutionNode = FALSE
	EndGlobalSection
	GlobalSection(ExtensibilityGlobals) = postSolution
		SolutionGuid = {0DA89221-074B-40F1-B453-662BCD38AF1F}
	EndGlobalSection
EndGlobal
