
Microsoft Visual Studio Solution File, Format Version 12.00
# Visual Studio Version 17
VisualStudioVersion = 17.2.32630.192
MinimumVisualStudioVersion = 10.0.40219.1
Project("{FAE04EC0-301F-11D3-BF4B-00C04F79EFBC}") = "Task 1", "Task 1\Task 1.csproj", "{B50175E5-6A86-49B3-A248-B70EE9DBA22B}"
EndProject
Project("{FAE04EC0-301F-11D3-BF4B-00C04F79EFBC}") = "Task 2", "Task 2\Task 2.csproj", "{9AC8B4D5-7808-4E07-A828-4F68184B67F5}"
EndProject
Project("{FAE04EC0-301F-11D3-BF4B-00C04F79EFBC}") = "Task 3", "Task 3\Task 3.csproj", "{5A8F9875-9619-4871-B2DB-FD4204D0CB7D}"
EndProject
Project("{FAE04EC0-301F-11D3-BF4B-00C04F79EFBC}") = "Task 4", "Task 4\Task 4.csproj", "{5C17E228-F8A2-43BE-BCE8-3BB2A2DBE619}"
EndProject
Project("{FAE04EC0-301F-11D3-BF4B-00C04F79EFBC}") = "Task 5", "Task 5\Task 5.csproj", "{F83FDB74-76C6-4653-A07B-E723515554D2}"
EndProject
Global
	GlobalSection(SolutionConfigurationPlatforms) = preSolution
		Debug|Any CPU = Debug|Any CPU
		Release|Any CPU = Release|Any CPU
	EndGlobalSection
	GlobalSection(ProjectConfigurationPlatforms) = postSolution
		{B50175E5-6A86-49B3-A248-B70EE9DBA22B}.Debug|Any CPU.ActiveCfg = Debug|Any CPU
		{B50175E5-6A86-49B3-A248-B70EE9DBA22B}.Debug|Any CPU.Build.0 = Debug|Any CPU
		{B50175E5-6A86-49B3-A248-B70EE9DBA22B}.Release|Any CPU.ActiveCfg = Release|Any CPU
		{B50175E5-6A86-49B3-A248-B70EE9DBA22B}.Release|Any CPU.Build.0 = Release|Any CPU
		{9AC8B4D5-7808-4E07-A828-4F68184B67F5}.Debug|Any CPU.ActiveCfg = Debug|Any CPU
		{9AC8B4D5-7808-4E07-A828-4F68184B67F5}.Debug|Any CPU.Build.0 = Debug|Any CPU
		{9AC8B4D5-7808-4E07-A828-4F68184B67F5}.Release|Any CPU.ActiveCfg = Release|Any CPU
		{9AC8B4D5-7808-4E07-A828-4F68184B67F5}.Release|Any CPU.Build.0 = Release|Any CPU
		{5A8F9875-9619-4871-B2DB-FD4204D0CB7D}.Debug|Any CPU.ActiveCfg = Debug|Any CPU
		{5A8F9875-9619-4871-B2DB-FD4204D0CB7D}.Debug|Any CPU.Build.0 = Debug|Any CPU
		{5A8F9875-9619-4871-B2DB-FD4204D0CB7D}.Release|Any CPU.ActiveCfg = Release|Any CPU
		{5A8F9875-9619-4871-B2DB-FD4204D0CB7D}.Release|Any CPU.Build.0 = Release|Any CPU
		{5C17E228-F8A2-43BE-BCE8-3BB2A2DBE619}.Debug|Any CPU.ActiveCfg = Debug|Any CPU
		{5C17E228-F8A2-43BE-BCE8-3BB2A2DBE619}.Debug|Any CPU.Build.0 = Debug|Any CPU
		{5C17E228-F8A2-43BE-BCE8-3BB2A2DBE619}.Release|Any CPU.ActiveCfg = Release|Any CPU
		{5C17E228-F8A2-43BE-BCE8-3BB2A2DBE619}.Release|Any CPU.Build.0 = Release|Any CPU
		{F83FDB74-76C6-4653-A07B-E723515554D2}.Debug|Any CPU.ActiveCfg = Debug|Any CPU
		{F83FDB74-76C6-4653-A07B-E723515554D2}.Debug|Any CPU.Build.0 = Debug|Any CPU
		{F83FDB74-76C6-4653-A07B-E723515554D2}.Release|Any CPU.ActiveCfg = Release|Any CPU
		{F83FDB74-76C6-4653-A07B-E723515554D2}.Release|Any CPU.Build.0 = Release|Any CPU
	EndGlobalSection
	GlobalSection(SolutionProperties) = preSolution
		HideSolutionNode = FALSE
	EndGlobalSection
	GlobalSection(ExtensibilityGlobals) = postSolution
		SolutionGuid = {011C7335-0C3B-4A28-9D1B-F99FC2903AF7}
	EndGlobalSection
EndGlobal
