
Microsoft Visual Studio Solution File, Format Version 12.00
# Visual Studio Version 17
VisualStudioVersion = 17.2.32630.192
MinimumVisualStudioVersion = 10.0.40219.1
Project("{FAE04EC0-301F-11D3-BF4B-00C04F79EFBC}") = "Task 1", "Task 1\Task 1.csproj", "{B1A6D7DC-C5D0-4365-9B24-1C43A8981861}"
EndProject
Project("{FAE04EC0-301F-11D3-BF4B-00C04F79EFBC}") = "Task 2", "Task 2\Task 2.csproj", "{BC43F406-799C-402B-BE21-7347A794B249}"
EndProject
Project("{FAE04EC0-301F-11D3-BF4B-00C04F79EFBC}") = "Task 3", "Task 3\Task 3.csproj", "{7C26C08D-C93E-433B-8750-759DB61BABF7}"
EndProject
Global
	GlobalSection(SolutionConfigurationPlatforms) = preSolution
		Debug|Any CPU = Debug|Any CPU
		Release|Any CPU = Release|Any CPU
	EndGlobalSection
	GlobalSection(ProjectConfigurationPlatforms) = postSolution
		{B1A6D7DC-C5D0-4365-9B24-1C43A8981861}.Debug|Any CPU.ActiveCfg = Debug|Any CPU
		{B1A6D7DC-C5D0-4365-9B24-1C43A8981861}.Debug|Any CPU.Build.0 = Debug|Any CPU
		{B1A6D7DC-C5D0-4365-9B24-1C43A8981861}.Release|Any CPU.ActiveCfg = Release|Any CPU
		{B1A6D7DC-C5D0-4365-9B24-1C43A8981861}.Release|Any CPU.Build.0 = Release|Any CPU
		{BC43F406-799C-402B-BE21-7347A794B249}.Debug|Any CPU.ActiveCfg = Debug|Any CPU
		{BC43F406-799C-402B-BE21-7347A794B249}.Debug|Any CPU.Build.0 = Debug|Any CPU
		{BC43F406-799C-402B-BE21-7347A794B249}.Release|Any CPU.ActiveCfg = Release|Any CPU
		{BC43F406-799C-402B-BE21-7347A794B249}.Release|Any CPU.Build.0 = Release|Any CPU
		{7C26C08D-C93E-433B-8750-759DB61BABF7}.Debug|Any CPU.ActiveCfg = Debug|Any CPU
		{7C26C08D-C93E-433B-8750-759DB61BABF7}.Debug|Any CPU.Build.0 = Debug|Any CPU
		{7C26C08D-C93E-433B-8750-759DB61BABF7}.Release|Any CPU.ActiveCfg = Release|Any CPU
		{7C26C08D-C93E-433B-8750-759DB61BABF7}.Release|Any CPU.Build.0 = Release|Any CPU
	EndGlobalSection
	GlobalSection(SolutionProperties) = preSolution
		HideSolutionNode = FALSE
	EndGlobalSection
	GlobalSection(ExtensibilityGlobals) = postSolution
		SolutionGuid = {B74D851F-8C7F-41B6-A24E-C03EAAA594D7}
	EndGlobalSection
EndGlobal
