
Microsoft Visual Studio Solution File, Format Version 12.00
# Visual Studio Version 17
VisualStudioVersion = 17.2.32616.157
MinimumVisualStudioVersion = 10.0.40219.1
Project("{FAE04EC0-301F-11D3-BF4B-00C04F79EFBC}") = "Task 1", "CSharp Seminar 2\Task 1.csproj", "{4EF60B88-8B84-4C3E-86AD-D79798F335B0}"
EndProject
Project("{FAE04EC0-301F-11D3-BF4B-00C04F79EFBC}") = "Task 2", "HomeWork\Task 2.csproj", "{BF73E94B-4BFD-4067-8366-BA912AED5DBA}"
EndProject
Project("{FAE04EC0-301F-11D3-BF4B-00C04F79EFBC}") = "Task 3", "Task 3\Task 3.csproj", "{6C888227-195B-4AD9-894F-410475F335B9}"
EndProject
Global
	GlobalSection(SolutionConfigurationPlatforms) = preSolution
		Debug|Any CPU = Debug|Any CPU
		Release|Any CPU = Release|Any CPU
	EndGlobalSection
	GlobalSection(ProjectConfigurationPlatforms) = postSolution
		{4EF60B88-8B84-4C3E-86AD-D79798F335B0}.Debug|Any CPU.ActiveCfg = Debug|Any CPU
		{4EF60B88-8B84-4C3E-86AD-D79798F335B0}.Debug|Any CPU.Build.0 = Debug|Any CPU
		{4EF60B88-8B84-4C3E-86AD-D79798F335B0}.Release|Any CPU.ActiveCfg = Release|Any CPU
		{4EF60B88-8B84-4C3E-86AD-D79798F335B0}.Release|Any CPU.Build.0 = Release|Any CPU
		{BF73E94B-4BFD-4067-8366-BA912AED5DBA}.Debug|Any CPU.ActiveCfg = Debug|Any CPU
		{BF73E94B-4BFD-4067-8366-BA912AED5DBA}.Debug|Any CPU.Build.0 = Debug|Any CPU
		{BF73E94B-4BFD-4067-8366-BA912AED5DBA}.Release|Any CPU.ActiveCfg = Release|Any CPU
		{BF73E94B-4BFD-4067-8366-BA912AED5DBA}.Release|Any CPU.Build.0 = Release|Any CPU
		{6C888227-195B-4AD9-894F-410475F335B9}.Debug|Any CPU.ActiveCfg = Debug|Any CPU
		{6C888227-195B-4AD9-894F-410475F335B9}.Debug|Any CPU.Build.0 = Debug|Any CPU
		{6C888227-195B-4AD9-894F-410475F335B9}.Release|Any CPU.ActiveCfg = Release|Any CPU
		{6C888227-195B-4AD9-894F-410475F335B9}.Release|Any CPU.Build.0 = Release|Any CPU
	EndGlobalSection
	GlobalSection(SolutionProperties) = preSolution
		HideSolutionNode = FALSE
	EndGlobalSection
	GlobalSection(ExtensibilityGlobals) = postSolution
		SolutionGuid = {0C9B4757-200E-4B93-AEA2-37A640C7E10E}
	EndGlobalSection
EndGlobal
