
Microsoft Visual Studio Solution File, Format Version 12.00
# Visual Studio Version 17
VisualStudioVersion = 17.2.32616.157
MinimumVisualStudioVersion = 10.0.40219.1
Project("{FAE04EC0-301F-11D3-BF4B-00C04F79EFBC}") = "Task 1", "Task 1\Task 1.csproj", "{62D6F12F-E9E9-46A3-93E2-134F71533B70}"
EndProject
Project("{FAE04EC0-301F-11D3-BF4B-00C04F79EFBC}") = "Task 2", "Task 2\Task 2.csproj", "{02E6D377-AF18-4B00-92B7-3753967058EE}"
EndProject
Global
	GlobalSection(SolutionConfigurationPlatforms) = preSolution
		Debug|Any CPU = Debug|Any CPU
		Release|Any CPU = Release|Any CPU
	EndGlobalSection
	GlobalSection(ProjectConfigurationPlatforms) = postSolution
		{62D6F12F-E9E9-46A3-93E2-134F71533B70}.Debug|Any CPU.ActiveCfg = Debug|Any CPU
		{62D6F12F-E9E9-46A3-93E2-134F71533B70}.Debug|Any CPU.Build.0 = Debug|Any CPU
		{62D6F12F-E9E9-46A3-93E2-134F71533B70}.Release|Any CPU.ActiveCfg = Release|Any CPU
		{62D6F12F-E9E9-46A3-93E2-134F71533B70}.Release|Any CPU.Build.0 = Release|Any CPU
		{02E6D377-AF18-4B00-92B7-3753967058EE}.Debug|Any CPU.ActiveCfg = Debug|Any CPU
		{02E6D377-AF18-4B00-92B7-3753967058EE}.Debug|Any CPU.Build.0 = Debug|Any CPU
		{02E6D377-AF18-4B00-92B7-3753967058EE}.Release|Any CPU.ActiveCfg = Release|Any CPU
		{02E6D377-AF18-4B00-92B7-3753967058EE}.Release|Any CPU.Build.0 = Release|Any CPU
	EndGlobalSection
	GlobalSection(SolutionProperties) = preSolution
		HideSolutionNode = FALSE
	EndGlobalSection
	GlobalSection(ExtensibilityGlobals) = postSolution
		SolutionGuid = {F02CBD31-9C4C-41E6-98D8-C0CA35B1F02E}
	EndGlobalSection
EndGlobal
